
Microsoft Visual Studio Solution File, Format Version 12.00
# Visual Studio 15
VisualStudioVersion = 15.0.27004.2009
MinimumVisualStudioVersion = 10.0.40219.1
Project("{FAE04EC0-301F-11D3-BF4B-00C04F79EFBC}") = "Investimentos", "Investimentos\Investimentos.csproj", "{30EB812C-B92C-4747-B7FF-E8A1C372BBFE}"
EndProject
Project("{FAE04EC0-301F-11D3-BF4B-00C04F79EFBC}") = "DataLayer", "DataLayer\DataLayer.csproj", "{3053FBD4-02A4-49AB-8BB6-F6A813155A8E}"
EndProject
Project("{FAE04EC0-301F-11D3-BF4B-00C04F79EFBC}") = "Testes", "Testes\Testes.csproj", "{96C9019A-58B7-4271-A892-CF22174A54AF}"
EndProject
Project("{F184B08F-C81C-45F6-A57F-5ABD9991F28F}") = "DataGridViewWithButtons", "DataGridViewWithButtons\DataGridViewWithButtons.vbproj", "{B1417376-6B4E-432D-B2C1-911F3362098A}"
EndProject
Project("{FAE04EC0-301F-11D3-BF4B-00C04F79EFBC}") = "Cotacoes", "Cotacoes\Cotacoes.csproj", "{8FC7BED2-01D4-4C7D-91F1-09688EF366BD}"
EndProject
Project("{FAE04EC0-301F-11D3-BF4B-00C04F79EFBC}") = "TestesWinForm", "TestesWinForm\TestesWinForm.csproj", "{D44AD8B6-469C-43B8-BABC-343D25971D16}"
EndProject
Project("{FAE04EC0-301F-11D3-BF4B-00C04F79EFBC}") = "SerieHistorica", "SerieHistorica\SerieHistorica.csproj", "{B0B0E4B2-6A6B-4C29-9924-A13D7BAEF760}"
EndProject
Project("{FAE04EC0-301F-11D3-BF4B-00C04F79EFBC}") = "GridAndChartStyles", "GridStyles\GridAndChartStyles.csproj", "{988D85C9-5EB7-4F27-A1DE-247EA35A38B5}"
EndProject
Project("{FAE04EC0-301F-11D3-BF4B-00C04F79EFBC}") = "TesteBackground", "TesteBackground\TesteBackground.csproj", "{4870751A-92B4-49AC-889D-45F9538D0D78}"
EndProject
Project("{FAE04EC0-301F-11D3-BF4B-00C04F79EFBC}") = "Settings", "Settings\Settings.csproj", "{A5D7E547-FB21-4A5C-A2CF-EA585F52F80A}"
EndProject
Project("{FAE04EC0-301F-11D3-BF4B-00C04F79EFBC}") = "InvWeb", "InvWeb\InvWeb.csproj", "{22D4D255-E457-499D-A601-55A76B043BEB}"
EndProject
Project("{FAE04EC0-301F-11D3-BF4B-00C04F79EFBC}") = "InvSAP", "InvSAP\InvSAP.csproj", "{A6CCABA9-4BA9-421F-ABB5-3847AC1C46BF}"
EndProject
Global
	GlobalSection(SolutionConfigurationPlatforms) = preSolution
		Debug|Any CPU = Debug|Any CPU
		Debug|x86 = Debug|x86
		Release|Any CPU = Release|Any CPU
		Release|x86 = Release|x86
	EndGlobalSection
	GlobalSection(ProjectConfigurationPlatforms) = postSolution
		{30EB812C-B92C-4747-B7FF-E8A1C372BBFE}.Debug|Any CPU.ActiveCfg = Debug|Any CPU
		{30EB812C-B92C-4747-B7FF-E8A1C372BBFE}.Debug|Any CPU.Build.0 = Debug|Any CPU
		{30EB812C-B92C-4747-B7FF-E8A1C372BBFE}.Debug|x86.ActiveCfg = Debug|Any CPU
		{30EB812C-B92C-4747-B7FF-E8A1C372BBFE}.Debug|x86.Build.0 = Debug|Any CPU
		{30EB812C-B92C-4747-B7FF-E8A1C372BBFE}.Release|Any CPU.ActiveCfg = Release|Any CPU
		{30EB812C-B92C-4747-B7FF-E8A1C372BBFE}.Release|Any CPU.Build.0 = Release|Any CPU
		{30EB812C-B92C-4747-B7FF-E8A1C372BBFE}.Release|x86.ActiveCfg = Release|Any CPU
		{30EB812C-B92C-4747-B7FF-E8A1C372BBFE}.Release|x86.Build.0 = Release|Any CPU
		{3053FBD4-02A4-49AB-8BB6-F6A813155A8E}.Debug|Any CPU.ActiveCfg = Debug|Any CPU
		{3053FBD4-02A4-49AB-8BB6-F6A813155A8E}.Debug|Any CPU.Build.0 = Debug|Any CPU
		{3053FBD4-02A4-49AB-8BB6-F6A813155A8E}.Debug|x86.ActiveCfg = Debug|Any CPU
		{3053FBD4-02A4-49AB-8BB6-F6A813155A8E}.Debug|x86.Build.0 = Debug|Any CPU
		{3053FBD4-02A4-49AB-8BB6-F6A813155A8E}.Release|Any CPU.ActiveCfg = Release|Any CPU
		{3053FBD4-02A4-49AB-8BB6-F6A813155A8E}.Release|Any CPU.Build.0 = Release|Any CPU
		{3053FBD4-02A4-49AB-8BB6-F6A813155A8E}.Release|x86.ActiveCfg = Release|Any CPU
		{3053FBD4-02A4-49AB-8BB6-F6A813155A8E}.Release|x86.Build.0 = Release|Any CPU
		{96C9019A-58B7-4271-A892-CF22174A54AF}.Debug|Any CPU.ActiveCfg = Debug|Any CPU
		{96C9019A-58B7-4271-A892-CF22174A54AF}.Debug|Any CPU.Build.0 = Debug|Any CPU
		{96C9019A-58B7-4271-A892-CF22174A54AF}.Debug|x86.ActiveCfg = Debug|Any CPU
		{96C9019A-58B7-4271-A892-CF22174A54AF}.Debug|x86.Build.0 = Debug|Any CPU
		{96C9019A-58B7-4271-A892-CF22174A54AF}.Release|Any CPU.ActiveCfg = Release|Any CPU
		{96C9019A-58B7-4271-A892-CF22174A54AF}.Release|Any CPU.Build.0 = Release|Any CPU
		{96C9019A-58B7-4271-A892-CF22174A54AF}.Release|x86.ActiveCfg = Release|Any CPU
		{96C9019A-58B7-4271-A892-CF22174A54AF}.Release|x86.Build.0 = Release|Any CPU
		{B1417376-6B4E-432D-B2C1-911F3362098A}.Debug|Any CPU.ActiveCfg = Debug|Any CPU
		{B1417376-6B4E-432D-B2C1-911F3362098A}.Debug|Any CPU.Build.0 = Debug|Any CPU
		{B1417376-6B4E-432D-B2C1-911F3362098A}.Debug|x86.ActiveCfg = Debug|Any CPU
		{B1417376-6B4E-432D-B2C1-911F3362098A}.Debug|x86.Build.0 = Debug|Any CPU
		{B1417376-6B4E-432D-B2C1-911F3362098A}.Release|Any CPU.ActiveCfg = Release|Any CPU
		{B1417376-6B4E-432D-B2C1-911F3362098A}.Release|Any CPU.Build.0 = Release|Any CPU
		{B1417376-6B4E-432D-B2C1-911F3362098A}.Release|x86.ActiveCfg = Release|Any CPU
		{B1417376-6B4E-432D-B2C1-911F3362098A}.Release|x86.Build.0 = Release|Any CPU
		{8FC7BED2-01D4-4C7D-91F1-09688EF366BD}.Debug|Any CPU.ActiveCfg = Debug|Any CPU
		{8FC7BED2-01D4-4C7D-91F1-09688EF366BD}.Debug|Any CPU.Build.0 = Debug|Any CPU
		{8FC7BED2-01D4-4C7D-91F1-09688EF366BD}.Debug|x86.ActiveCfg = Debug|Any CPU
		{8FC7BED2-01D4-4C7D-91F1-09688EF366BD}.Debug|x86.Build.0 = Debug|Any CPU
		{8FC7BED2-01D4-4C7D-91F1-09688EF366BD}.Release|Any CPU.ActiveCfg = Release|Any CPU
		{8FC7BED2-01D4-4C7D-91F1-09688EF366BD}.Release|Any CPU.Build.0 = Release|Any CPU
		{8FC7BED2-01D4-4C7D-91F1-09688EF366BD}.Release|x86.ActiveCfg = Release|Any CPU
		{8FC7BED2-01D4-4C7D-91F1-09688EF366BD}.Release|x86.Build.0 = Release|Any CPU
		{D44AD8B6-469C-43B8-BABC-343D25971D16}.Debug|Any CPU.ActiveCfg = Debug|Any CPU
		{D44AD8B6-469C-43B8-BABC-343D25971D16}.Debug|Any CPU.Build.0 = Debug|Any CPU
		{D44AD8B6-469C-43B8-BABC-343D25971D16}.Debug|x86.ActiveCfg = Debug|Any CPU
		{D44AD8B6-469C-43B8-BABC-343D25971D16}.Debug|x86.Build.0 = Debug|Any CPU
		{D44AD8B6-469C-43B8-BABC-343D25971D16}.Release|Any CPU.ActiveCfg = Release|Any CPU
		{D44AD8B6-469C-43B8-BABC-343D25971D16}.Release|Any CPU.Build.0 = Release|Any CPU
		{D44AD8B6-469C-43B8-BABC-343D25971D16}.Release|x86.ActiveCfg = Release|Any CPU
		{D44AD8B6-469C-43B8-BABC-343D25971D16}.Release|x86.Build.0 = Release|Any CPU
		{B0B0E4B2-6A6B-4C29-9924-A13D7BAEF760}.Debug|Any CPU.ActiveCfg = Debug|Any CPU
		{B0B0E4B2-6A6B-4C29-9924-A13D7BAEF760}.Debug|Any CPU.Build.0 = Debug|Any CPU
		{B0B0E4B2-6A6B-4C29-9924-A13D7BAEF760}.Debug|x86.ActiveCfg = Debug|Any CPU
		{B0B0E4B2-6A6B-4C29-9924-A13D7BAEF760}.Debug|x86.Build.0 = Debug|Any CPU
		{B0B0E4B2-6A6B-4C29-9924-A13D7BAEF760}.Release|Any CPU.ActiveCfg = Release|Any CPU
		{B0B0E4B2-6A6B-4C29-9924-A13D7BAEF760}.Release|Any CPU.Build.0 = Release|Any CPU
		{B0B0E4B2-6A6B-4C29-9924-A13D7BAEF760}.Release|x86.ActiveCfg = Release|Any CPU
		{B0B0E4B2-6A6B-4C29-9924-A13D7BAEF760}.Release|x86.Build.0 = Release|Any CPU
		{988D85C9-5EB7-4F27-A1DE-247EA35A38B5}.Debug|Any CPU.ActiveCfg = Debug|Any CPU
		{988D85C9-5EB7-4F27-A1DE-247EA35A38B5}.Debug|Any CPU.Build.0 = Debug|Any CPU
		{988D85C9-5EB7-4F27-A1DE-247EA35A38B5}.Debug|x86.ActiveCfg = Debug|Any CPU
		{988D85C9-5EB7-4F27-A1DE-247EA35A38B5}.Debug|x86.Build.0 = Debug|Any CPU
		{988D85C9-5EB7-4F27-A1DE-247EA35A38B5}.Release|Any CPU.ActiveCfg = Release|Any CPU
		{988D85C9-5EB7-4F27-A1DE-247EA35A38B5}.Release|Any CPU.Build.0 = Release|Any CPU
		{988D85C9-5EB7-4F27-A1DE-247EA35A38B5}.Release|x86.ActiveCfg = Release|Any CPU
		{988D85C9-5EB7-4F27-A1DE-247EA35A38B5}.Release|x86.Build.0 = Release|Any CPU
		{4870751A-92B4-49AC-889D-45F9538D0D78}.Debug|Any CPU.ActiveCfg = Debug|Any CPU
		{4870751A-92B4-49AC-889D-45F9538D0D78}.Debug|Any CPU.Build.0 = Debug|Any CPU
		{4870751A-92B4-49AC-889D-45F9538D0D78}.Debug|x86.ActiveCfg = Debug|Any CPU
		{4870751A-92B4-49AC-889D-45F9538D0D78}.Debug|x86.Build.0 = Debug|Any CPU
		{4870751A-92B4-49AC-889D-45F9538D0D78}.Release|Any CPU.ActiveCfg = Release|Any CPU
		{4870751A-92B4-49AC-889D-45F9538D0D78}.Release|Any CPU.Build.0 = Release|Any CPU
		{4870751A-92B4-49AC-889D-45F9538D0D78}.Release|x86.ActiveCfg = Release|Any CPU
		{4870751A-92B4-49AC-889D-45F9538D0D78}.Release|x86.Build.0 = Release|Any CPU
		{A5D7E547-FB21-4A5C-A2CF-EA585F52F80A}.Debug|Any CPU.ActiveCfg = Debug|Any CPU
		{A5D7E547-FB21-4A5C-A2CF-EA585F52F80A}.Debug|Any CPU.Build.0 = Debug|Any CPU
		{A5D7E547-FB21-4A5C-A2CF-EA585F52F80A}.Debug|x86.ActiveCfg = Debug|Any CPU
		{A5D7E547-FB21-4A5C-A2CF-EA585F52F80A}.Debug|x86.Build.0 = Debug|Any CPU
		{A5D7E547-FB21-4A5C-A2CF-EA585F52F80A}.Release|Any CPU.ActiveCfg = Release|Any CPU
		{A5D7E547-FB21-4A5C-A2CF-EA585F52F80A}.Release|Any CPU.Build.0 = Release|Any CPU
		{A5D7E547-FB21-4A5C-A2CF-EA585F52F80A}.Release|x86.ActiveCfg = Release|Any CPU
		{A5D7E547-FB21-4A5C-A2CF-EA585F52F80A}.Release|x86.Build.0 = Release|Any CPU
		{22D4D255-E457-499D-A601-55A76B043BEB}.Debug|Any CPU.ActiveCfg = Debug|Any CPU
		{22D4D255-E457-499D-A601-55A76B043BEB}.Debug|Any CPU.Build.0 = Debug|Any CPU
		{22D4D255-E457-499D-A601-55A76B043BEB}.Debug|x86.ActiveCfg = Debug|Any CPU
		{22D4D255-E457-499D-A601-55A76B043BEB}.Debug|x86.Build.0 = Debug|Any CPU
		{22D4D255-E457-499D-A601-55A76B043BEB}.Release|Any CPU.ActiveCfg = Release|Any CPU
		{22D4D255-E457-499D-A601-55A76B043BEB}.Release|Any CPU.Build.0 = Release|Any CPU
		{22D4D255-E457-499D-A601-55A76B043BEB}.Release|x86.ActiveCfg = Release|Any CPU
		{22D4D255-E457-499D-A601-55A76B043BEB}.Release|x86.Build.0 = Release|Any CPU
		{A6CCABA9-4BA9-421F-ABB5-3847AC1C46BF}.Debug|Any CPU.ActiveCfg = Debug|Any CPU
		{A6CCABA9-4BA9-421F-ABB5-3847AC1C46BF}.Debug|Any CPU.Build.0 = Debug|Any CPU
		{A6CCABA9-4BA9-421F-ABB5-3847AC1C46BF}.Debug|x86.ActiveCfg = Debug|Any CPU
		{A6CCABA9-4BA9-421F-ABB5-3847AC1C46BF}.Debug|x86.Build.0 = Debug|Any CPU
		{A6CCABA9-4BA9-421F-ABB5-3847AC1C46BF}.Release|Any CPU.ActiveCfg = Release|Any CPU
		{A6CCABA9-4BA9-421F-ABB5-3847AC1C46BF}.Release|Any CPU.Build.0 = Release|Any CPU
		{A6CCABA9-4BA9-421F-ABB5-3847AC1C46BF}.Release|x86.ActiveCfg = Release|Any CPU
		{A6CCABA9-4BA9-421F-ABB5-3847AC1C46BF}.Release|x86.Build.0 = Release|Any CPU
	EndGlobalSection
	GlobalSection(SolutionProperties) = preSolution
		HideSolutionNode = FALSE
	EndGlobalSection
	GlobalSection(ExtensibilityGlobals) = postSolution
		SolutionGuid = {FF6DF25F-7A51-43C1-97A3-0CCC715E3DC9}
	EndGlobalSection
EndGlobal
